
Microsoft Visual Studio Solution File, Format Version 12.00
# Visual Studio Version 16
VisualStudioVersion = 16.0.30114.105
MinimumVisualStudioVersion = 10.0.40219.1
Project("{FAE04EC0-301F-11D3-BF4B-00C04F79EFBC}") = "WpfApp1", "WpfApp1\WpfApp1.csproj", "{59258746-3684-4927-A92C-3AE703FB4A14}"
EndProject
Global
	GlobalSection(SolutionConfigurationPlatforms) = preSolution
		Debug|Any CPU = Debug|Any CPU
		Release|Any CPU = Release|Any CPU
	EndGlobalSection
	GlobalSection(ProjectConfigurationPlatforms) = postSolution
		{59258746-3684-4927-A92C-3AE703FB4A14}.Debug|Any CPU.ActiveCfg = Debug|Any CPU
		{59258746-3684-4927-A92C-3AE703FB4A14}.Debug|Any CPU.Build.0 = Debug|Any CPU
		{59258746-3684-4927-A92C-3AE703FB4A14}.Release|Any CPU.ActiveCfg = Release|Any CPU
		{59258746-3684-4927-A92C-3AE703FB4A14}.Release|Any CPU.Build.0 = Release|Any CPU
	EndGlobalSection
	GlobalSection(SolutionProperties) = preSolution
		HideSolutionNode = FALSE
	EndGlobalSection
	GlobalSection(ExtensibilityGlobals) = postSolution
		SolutionGuid = {7DC66E99-C7FB-42DC-8434-D7E925F1C936}
	EndGlobalSection
EndGlobal
